
Microsoft Visual Studio Solution File, Format Version 12.00
# Visual Studio Version 17
VisualStudioVersion = 17.3.32929.385
MinimumVisualStudioVersion = 10.0.40219.1
Project("{FAE04EC0-301F-11D3-BF4B-00C04F79EFBC}") = "classes and objects", "classes and objects\classes and objects.csproj", "{2D6C5378-BF12-48A2-99B0-45812501A9E7}"
EndProject
Global
	GlobalSection(SolutionConfigurationPlatforms) = preSolution
		Debug|Any CPU = Debug|Any CPU
		Release|Any CPU = Release|Any CPU
	EndGlobalSection
	GlobalSection(ProjectConfigurationPlatforms) = postSolution
		{2D6C5378-BF12-48A2-99B0-45812501A9E7}.Debug|Any CPU.ActiveCfg = Debug|Any CPU
		{2D6C5378-BF12-48A2-99B0-45812501A9E7}.Debug|Any CPU.Build.0 = Debug|Any CPU
		{2D6C5378-BF12-48A2-99B0-45812501A9E7}.Release|Any CPU.ActiveCfg = Release|Any CPU
		{2D6C5378-BF12-48A2-99B0-45812501A9E7}.Release|Any CPU.Build.0 = Release|Any CPU
	EndGlobalSection
	GlobalSection(SolutionProperties) = preSolution
		HideSolutionNode = FALSE
	EndGlobalSection
	GlobalSection(ExtensibilityGlobals) = postSolution
		SolutionGuid = {12846319-EAB5-4021-8E24-2212AEB0E187}
	EndGlobalSection
EndGlobal
